# THIS IS AN AUTOGENERATED FILE. DO NOT EDIT THIS FILE DIRECTLY.
# yarn lockfile v1


"@types/ejs@^2.3.33":
  version "2.3.33"
  resolved "https://registry.yarnpkg.com/@types/ejs/-/ejs-2.3.33.tgz#0a4e0a7aeee09944154b06ce5a2ac6a118f92b00"

"@types/node@^8.0.57":
  version "8.0.57"
  resolved "https://registry.yarnpkg.com/@types/node/-/node-8.0.57.tgz#e5d8b4dc112763e35cfc51988f4f38da3c486d99"

argx@^1.1.4, argx@^1.3.0:
  version "1.3.1"
  resolved "https://registry.yarnpkg.com/argx/-/argx-1.3.1.tgz#6124e118a7fb5a1789e65d3b87d3f2af4df70471"
  dependencies:
    iftype "^1.1.0"

arrayreduce@^1.0.3:
  version "1.1.0"
  resolved "https://registry.yarnpkg.com/arrayreduce/-/arrayreduce-1.1.0.tgz#b77f386e3111e6cb7903c5cd569ba58311919254"

async@^1.4.0, async@^1.4.2:
  version "1.5.2"
  resolved "https://registry.yarnpkg.com/async/-/async-1.5.2.tgz#ec6a61ae56480c0c3cb241c95618e20892f9672a"

bignumber.js@4.0.4:
  version "4.0.4"
  resolved "https://registry.yarnpkg.com/bignumber.js/-/bignumber.js-4.0.4.tgz#7c40f5abcd2d6623ab7b99682ee7db81b11889a4"

core-util-is@~1.0.0:
  version "1.0.2"
  resolved "https://registry.yarnpkg.com/core-util-is/-/core-util-is-1.0.2.tgz#b5fd54220aa2bc5ab57aab7140c940754503c1a7"

ejs@^2.5.7:
  version "2.5.7"
  resolved "https://registry.yarnpkg.com/ejs/-/ejs-2.5.7.tgz#cc872c168880ae3c7189762fd5ffc00896c9518a"

extend@^3.0.0:
  version "3.0.1"
  resolved "https://registry.yarnpkg.com/extend/-/extend-3.0.1.tgz#a755ea7bc1adfcc5a31ce7e762dbaadc5e636444"

iftype@^1.1.0:
  version "1.1.1"
  resolved "https://registry.yarnpkg.com/iftype/-/iftype-1.1.1.tgz#88d36b538868429246ecb247c3f4109720534045"
  dependencies:
    argx "^1.3.0"
    arrayreduce "^1.0.3"
    async "^1.4.2"

inherits@~2.0.3:
  version "2.0.3"
  resolved "https://registry.yarnpkg.com/inherits/-/inherits-2.0.3.tgz#633c2c83e3da42a502f52466022480f4208261de"

isarray@~1.0.0:
  version "1.0.0"
  resolved "https://registry.yarnpkg.com/isarray/-/isarray-1.0.0.tgz#bb935d48582cba168c06834957a54a3e07124f11"

microdsl@^1.0.0:
  version "1.0.0"
  resolved "https://registry.yarnpkg.com/microdsl/-/microdsl-1.0.0.tgz#7c929d0afb9f174250231a2caa4e48d0c6a2b21a"
  dependencies:
    ejs "^2.5.7"
    mysqlspec "^1.0.5"

mysql@^2.8.0:
  version "2.15.0"
  resolved "https://registry.yarnpkg.com/mysql/-/mysql-2.15.0.tgz#ea16841156343e8f2e47fc8985ec41cdd9573b5c"
  dependencies:
    bignumber.js "4.0.4"
    readable-stream "2.3.3"
    safe-buffer "5.1.1"
    sqlstring "2.3.0"

mysqldesc@^1.1.2:
  version "1.1.4"
  resolved "https://registry.yarnpkg.com/mysqldesc/-/mysqldesc-1.1.4.tgz#a95882921f647341f2e2b297549b8870c98d7039"
  dependencies:
    argx "^1.1.4"
    async "^1.4.0"
    extend "^3.0.0"
    mysql "^2.8.0"

mysqlspec@^1.0.5:
  version "1.0.5"
  resolved "https://registry.yarnpkg.com/mysqlspec/-/mysqlspec-1.0.5.tgz#d816e690fbb8b898f4a88ac0ea45db71cf1b9919"
  dependencies:
    argx "^1.1.4"
    async "^1.4.0"
    extend "^3.0.0"
    mysql "^2.8.0"
    mysqldesc "^1.1.2"

process-nextick-args@~1.0.6:
  version "1.0.7"
  resolved "https://registry.yarnpkg.com/process-nextick-args/-/process-nextick-args-1.0.7.tgz#150e20b756590ad3f91093f25a4f2ad8bff30ba3"

readable-stream@2.3.3:
  version "2.3.3"
  resolved "https://registry.yarnpkg.com/readable-stream/-/readable-stream-2.3.3.tgz#368f2512d79f9d46fdfc71349ae7878bbc1eb95c"
  dependencies:
    core-util-is "~1.0.0"
    inherits "~2.0.3"
    isarray "~1.0.0"
    process-nextick-args "~1.0.6"
    safe-buffer "~5.1.1"
    string_decoder "~1.0.3"
    util-deprecate "~1.0.1"

safe-buffer@5.1.1, safe-buffer@~5.1.0, safe-buffer@~5.1.1:
  version "5.1.1"
  resolved "https://registry.yarnpkg.com/safe-buffer/-/safe-buffer-5.1.1.tgz#893312af69b2123def71f57889001671eeb2c853"

sqlstring@2.3.0:
  version "2.3.0"
  resolved "https://registry.yarnpkg.com/sqlstring/-/sqlstring-2.3.0.tgz#525b8a4fd26d6f71aa61e822a6caf976d31ad2a8"

string_decoder@~1.0.3:
  version "1.0.3"
  resolved "https://registry.yarnpkg.com/string_decoder/-/string_decoder-1.0.3.tgz#0fc67d7c141825de94282dd536bec6b9bce860ab"
  dependencies:
    safe-buffer "~5.1.0"

typescript@^2.6.2:
  version "2.6.2"
  resolved "https://registry.yarnpkg.com/typescript/-/typescript-2.6.2.tgz#3c5b6fd7f6de0914269027f03c0946758f7673a4"

util-deprecate@~1.0.1:
  version "1.0.2"
  resolved "https://registry.yarnpkg.com/util-deprecate/-/util-deprecate-1.0.2.tgz#450d4dc9fa70de732762fbd2d4a28981419a0ccf"
